
Microsoft Visual Studio Solution File, Format Version 12.00
# Visual Studio 15
VisualStudioVersion = 15.0.28307.960
MinimumVisualStudioVersion = 10.0.40219.1
Project("{FAE04EC0-301F-11D3-BF4B-00C04F79EFBC}") = "TestCases", "TestCases\TestCases.csproj", "{68544928-1C24-446F-BE01-3123A1B0D700}"
EndProject
Project("{FAE04EC0-301F-11D3-BF4B-00C04F79EFBC}") = "Tasks", "Tasks\Tasks.csproj", "{7147F6CD-5925-41A3-920F-CA5ECD2615AE}"
EndProject
Global
	GlobalSection(SolutionConfigurationPlatforms) = preSolution
		Debug|Any CPU = Debug|Any CPU
		Release|Any CPU = Release|Any CPU
	EndGlobalSection
	GlobalSection(ProjectConfigurationPlatforms) = postSolution
		{68544928-1C24-446F-BE01-3123A1B0D700}.Debug|Any CPU.ActiveCfg = Debug|Any CPU
		{68544928-1C24-446F-BE01-3123A1B0D700}.Debug|Any CPU.Build.0 = Debug|Any CPU
		{68544928-1C24-446F-BE01-3123A1B0D700}.Release|Any CPU.ActiveCfg = Release|Any CPU
		{68544928-1C24-446F-BE01-3123A1B0D700}.Release|Any CPU.Build.0 = Release|Any CPU
		{7147F6CD-5925-41A3-920F-CA5ECD2615AE}.Debug|Any CPU.ActiveCfg = Debug|Any CPU
		{7147F6CD-5925-41A3-920F-CA5ECD2615AE}.Debug|Any CPU.Build.0 = Debug|Any CPU
		{7147F6CD-5925-41A3-920F-CA5ECD2615AE}.Release|Any CPU.ActiveCfg = Release|Any CPU
		{7147F6CD-5925-41A3-920F-CA5ECD2615AE}.Release|Any CPU.Build.0 = Release|Any CPU
	EndGlobalSection
	GlobalSection(SolutionProperties) = preSolution
		HideSolutionNode = FALSE
	EndGlobalSection
	GlobalSection(ExtensibilityGlobals) = postSolution
		SolutionGuid = {AF67F94B-5E72-454E-83C4-7DE05C5F5C71}
	EndGlobalSection
EndGlobal
